{
  "name": "rollup",
  "version": "1.0.0",
  "lockfileVersion": 3,
  "requires": true,
  "packages": {
    "": {
      "name": "rollup",
      "version": "1.0.0",
      "license": "ISC",
      "dependencies": {
        "rollup-scratchpad": "^0.0.1"
      }
    },
    "node_modules/rollup-scratchpad": {
      "version": "0.0.1",
      "resolved": "https://registry.npmjs.org/rollup-scratchpad/-/rollup-scratchpad-0.0.1.tgz",
      "integrity": "sha512-yNTCKDkVoCJhu5T56/YkrL5WFEvyiVrOVhOYU7Qev432dzaAzQHP4BZfG/cXYjoO7HEXd3cVG3RPtrN1jAvkHg=="
    }
  }
}
